
Microsoft Visual Studio Solution File, Format Version 12.00
# Visual Studio Version 16
VisualStudioVersion = 16.0.31129.286
MinimumVisualStudioVersion = 10.0.40219.1
Project("{FAE04EC0-301F-11D3-BF4B-00C04F79EFBC}") = "BugTracker", "BugTracker\BugTracker.csproj", "{D6AB4E79-55D1-485C-B3CA-BB03D50AD7BA}"
EndProject
Global
	GlobalSection(SolutionConfigurationPlatforms) = preSolution
		Debug|Any CPU = Debug|Any CPU
		Release|Any CPU = Release|Any CPU
	EndGlobalSection
	GlobalSection(ProjectConfigurationPlatforms) = postSolution
		{D6AB4E79-55D1-485C-B3CA-BB03D50AD7BA}.Debug|Any CPU.ActiveCfg = Debug|Any CPU
		{D6AB4E79-55D1-485C-B3CA-BB03D50AD7BA}.Debug|Any CPU.Build.0 = Debug|Any CPU
		{D6AB4E79-55D1-485C-B3CA-BB03D50AD7BA}.Release|Any CPU.ActiveCfg = Release|Any CPU
		{D6AB4E79-55D1-485C-B3CA-BB03D50AD7BA}.Release|Any CPU.Build.0 = Release|Any CPU
	EndGlobalSection
	GlobalSection(SolutionProperties) = preSolution
		HideSolutionNode = FALSE
	EndGlobalSection
	GlobalSection(ExtensibilityGlobals) = postSolution
		SolutionGuid = {C5DF62D6-8915-490B-8A1A-B889B1209D0E}
	EndGlobalSection
EndGlobal
